// !$*UTF8*$!
{
	archiveVersion = 1;
	classes = {
	};
	objectVersion = 77;
	objects = {

/* Begin PBXBuildFile section */
		018EA6D32F0E16960002571A /* W3WSwiftApi in Frameworks */ = {isa = PBXBuildFile; productRef = 018EA6D22F0E16960002571A /* W3WSwiftApi */; };
/* End PBXBuildFile section */

/* Begin PBXContainerItemProxy section */
		018EA6B52F0E14F70002571A /* PBXContainerItemProxy */ = {
			isa = PBXContainerItemProxy;
			containerPortal = 018EA69F2F0E14F50002571A /* Project object */;
			proxyType = 1;
			remoteGlobalIDString = 018EA6A62F0E14F50002571A;
			remoteInfo = MapSwiftUI;
		};
		018EA6BF2F0E14F70002571A /* PBXContainerItemProxy */ = {
			isa = PBXContainerItemProxy;
			containerPortal = 018EA69F2F0E14F50002571A /* Project object */;
			proxyType = 1;
			remoteGlobalIDString = 018EA6A62F0E14F50002571A;
			remoteInfo = MapSwiftUI;
		};
/* End PBXContainerItemProxy section */

/* Begin PBXFileReference section */
		018EA6A72F0E14F50002571A /* MapSwiftUI.app */ = {isa = PBXFileReference; explicitFileType = wrapper.application; includeInIndex = 0; path = MapSwiftUI.app; sourceTree = BUILT_PRODUCTS_DIR; };
		018EA6B42F0E14F70002571A /* MapSwiftUITests.xctest */ = {isa = PBXFileReference; explicitFileType = wrapper.cfbundle; includeInIndex = 0; path = MapSwiftUITests.xctest; sourceTree = BUILT_PRODUCTS_DIR; };
		018EA6BE2F0E14F70002571A /* MapSwiftUIUITests.xctest */ = {isa = PBXFileReference; explicitFileType = wrapper.cfbundle; includeInIndex = 0; path = MapSwiftUIUITests.xctest; sourceTree = BUILT_PRODUCTS_DIR; };
/* End PBXFileReference section */

/* Begin PBXFileSystemSynchronizedRootGroup section */
		018EA6A92F0E14F50002571A /* MapSwiftUI */ = {
			isa = PBXFileSystemSynchronizedRootGroup;
			path = MapSwiftUI;
			sourceTree = "<group>";
		};
		018EA6B72F0E14F70002571A /* MapSwiftUITests */ = {
			isa = PBXFileSystemSynchronizedRootGroup;
			path = MapSwiftUITests;
			sourceTree = "<group>";
		};
		018EA6C12F0E14F70002571A /* MapSwiftUIUITests */ = {
			isa = PBXFileSystemSynchronizedRootGroup;
			path = MapSwiftUIUITests;
			sourceTree = "<group>";
		};
/* End PBXFileSystemSynchronizedRootGroup section */

/* Begin PBXFrameworksBuildPhase section */
		018EA6A42F0E14F50002571A /* Frameworks */ = {
			isa = PBXFrameworksBuildPhase;
			buildActionMask = 2147483647;
			files = (
				018EA6D32F0E16960002571A /* W3WSwiftApi in Frameworks */,
			);
			runOnlyForDeploymentPostprocessing = 0;
		};
		018EA6B12F0E14F70002571A /* Frameworks */ = {
			isa = PBXFrameworksBuildPhase;
			buildActionMask = 2147483647;
			files = (
			);
			runOnlyForDeploymentPostprocessing = 0;
		};
		018EA6BB2F0E14F70002571A /* Frameworks */ = {
			isa = PBXFrameworksBuildPhase;
			buildActionMask = 2147483647;
			files = (
			);
			runOnlyForDeploymentPostprocessing = 0;
		};
/* End PBXFrameworksBuildPhase section */

/* Begin PBXGroup section */
		018EA69E2F0E14F50002571A = {
			isa = PBXGroup;
			children = (
				018EA6A92F0E14F50002571A /* MapSwiftUI */,
				018EA6B72F0E14F70002571A /* MapSwiftUITests */,
				018EA6C12F0E14F70002571A /* MapSwiftUIUITests */,
				018EA6A82F0E14F50002571A /* Products */,
			);
			sourceTree = "<group>";
		};
		018EA6A82F0E14F50002571A /* Products */ = {
			isa = PBXGroup;
			children = (
				018EA6A72F0E14F50002571A /* MapSwiftUI.app */,
				018EA6B42F0E14F70002571A /* MapSwiftUITests.xctest */,
				018EA6BE2F0E14F70002571A /* MapSwiftUIUITests.xctest */,
			);
			name = Products;
			sourceTree = "<group>";
		};
/* End PBXGroup section */

/* Begin PBXNativeTarget section */
		018EA6A62F0E14F50002571A /* MapSwiftUI */ = {
			isa = PBXNativeTarget;
			buildConfigurationList = 018EA6C82F0E14F70002571A /* Build configuration list for PBXNativeTarget "MapSwiftUI" */;
			buildPhases = (
				018EA6A32F0E14F50002571A /* Sources */,
				018EA6A42F0E14F50002571A /* Frameworks */,
				018EA6A52F0E14F50002571A /* Resources */,
			);
			buildRules = (
			);
			dependencies = (
			);
			fileSystemSynchronizedGroups = (
				018EA6A92F0E14F50002571A /* MapSwiftUI */,
			);
			name = MapSwiftUI;
			packageProductDependencies = (
				018EA6D22F0E16960002571A /* W3WSwiftApi */,
			);
			productName = MapSwiftUI;
			productReference = 018EA6A72F0E14F50002571A /* MapSwiftUI.app */;
			productType = "com.apple.product-type.application";
		};
		018EA6B32F0E14F70002571A /* MapSwiftUITests */ = {
			isa = PBXNativeTarget;
			buildConfigurationList = 018EA6CB2F0E14F70002571A /* Build configuration list for PBXNativeTarget "MapSwiftUITests" */;
			buildPhases = (
				018EA6B02F0E14F70002571A /* Sources */,
				018EA6B12F0E14F70002571A /* Frameworks */,
				018EA6B22F0E14F70002571A /* Resources */,
			);
			buildRules = (
			);
			dependencies = (
				018EA6B62F0E14F70002571A /* PBXTargetDependency */,
			);
			fileSystemSynchronizedGroups = (
				018EA6B72F0E14F70002571A /* MapSwiftUITests */,
			);
			name = MapSwiftUITests;
			packageProductDependencies = (
			);
			productName = MapSwiftUITests;
			productReference = 018EA6B42F0E14F70002571A /* MapSwiftUITests.xctest */;
			productType = "com.apple.product-type.bundle.unit-test";
		};
		018EA6BD2F0E14F70002571A /* MapSwiftUIUITests */ = {
			isa = PBXNativeTarget;
			buildConfigurationList = 018EA6CE2F0E14F70002571A /* Build configuration list for PBXNativeTarget "MapSwiftUIUITests" */;
			buildPhases = (
				018EA6BA2F0E14F70002571A /* Sources */,
				018EA6BB2F0E14F70002571A /* Frameworks */,
				018EA6BC2F0E14F70002571A /* Resources */,
			);
			buildRules = (
			);
			dependencies = (
				018EA6C02F0E14F70002571A /* PBXTargetDependency */,
			);
			fileSystemSynchronizedGroups = (
				018EA6C12F0E14F70002571A /* MapSwiftUIUITests */,
			);
			name = MapSwiftUIUITests;
			packageProductDependencies = (
			);
			productName = MapSwiftUIUITests;
			productReference = 018EA6BE2F0E14F70002571A /* MapSwiftUIUITests.xctest */;
			productType = "com.apple.product-type.bundle.ui-testing";
		};
/* End PBXNativeTarget section */

/* Begin PBXProject section */
		018EA69F2F0E14F50002571A /* Project object */ = {
			isa = PBXProject;
			attributes = {
				BuildIndependentTargetsInParallel = 1;
				LastSwiftUpdateCheck = 2610;
				LastUpgradeCheck = 2610;
				TargetAttributes = {
					018EA6A62F0E14F50002571A = {
						CreatedOnToolsVersion = 26.1.1;
					};
					018EA6B32F0E14F70002571A = {
						CreatedOnToolsVersion = 26.1.1;
						TestTargetID = 018EA6A62F0E14F50002571A;
					};
					018EA6BD2F0E14F70002571A = {
						CreatedOnToolsVersion = 26.1.1;
						TestTargetID = 018EA6A62F0E14F50002571A;
					};
				};
			};
			buildConfigurationList = 018EA6A22F0E14F50002571A /* Build configuration list for PBXProject "MapSwiftUI" */;
			developmentRegion = en;
			hasScannedForEncodings = 0;
			knownRegions = (
				en,
				Base,
			);
			mainGroup = 018EA69E2F0E14F50002571A;
			minimizedProjectReferenceProxies = 1;
			packageReferences = (
				018EA6D12F0E16960002571A /* XCRemoteSwiftPackageReference "w3w-swift-wrapper" */,
			);
			preferredProjectObjectVersion = 77;
			productRefGroup = 018EA6A82F0E14F50002571A /* Products */;
			projectDirPath = "";
			projectRoot = "";
			targets = (
				018EA6A62F0E14F50002571A /* MapSwiftUI */,
				018EA6B32F0E14F70002571A /* MapSwiftUITests */,
				018EA6BD2F0E14F70002571A /* MapSwiftUIUITests */,
			);
		};
/* End PBXProject section */

/* Begin PBXResourcesBuildPhase section */
		018EA6A52F0E14F50002571A /* Resources */ = {
			isa = PBXResourcesBuildPhase;
			buildActionMask = 2147483647;
			files = (
			);
			runOnlyForDeploymentPostprocessing = 0;
		};
		018EA6B22F0E14F70002571A /* Resources */ = {
			isa = PBXResourcesBuildPhase;
			buildActionMask = 2147483647;
			files = (
			);
			runOnlyForDeploymentPostprocessing = 0;
		};
		018EA6BC2F0E14F70002571A /* Resources */ = {
			isa = PBXResourcesBuildPhase;
			buildActionMask = 2147483647;
			files = (
			);
			runOnlyForDeploymentPostprocessing = 0;
		};
/* End PBXResourcesBuildPhase section */

/* Begin PBXSourcesBuildPhase section */
		018EA6A32F0E14F50002571A /* Sources */ = {
			isa = PBXSourcesBuildPhase;
			buildActionMask = 2147483647;
			files = (
			);
			runOnlyForDeploymentPostprocessing = 0;
		};
		018EA6B02F0E14F70002571A /* Sources */ = {
			isa = PBXSourcesBuildPhase;
			buildActionMask = 2147483647;
			files = (
			);
			runOnlyForDeploymentPostprocessing = 0;
		};
		018EA6BA2F0E14F70002571A /* Sources */ = {
			isa = PBXSourcesBuildPhase;
			buildActionMask = 2147483647;
			files = (
			);
			runOnlyForDeploymentPostprocessing = 0;
		};
/* End PBXSourcesBuildPhase section */

/* Begin PBXTargetDependency section */
		018EA6B62F0E14F70002571A /* PBXTargetDependency */ = {
			isa = PBXTargetDependency;
			target = 018EA6A62F0E14F50002571A /* MapSwiftUI */;
			targetProxy = 018EA6B52F0E14F70002571A /* PBXContainerItemProxy */;
		};
		018EA6C02F0E14F70002571A /* PBXTargetDependency */ = {
			isa = PBXTargetDependency;
			target = 018EA6A62F0E14F50002571A /* MapSwiftUI */;
			targetProxy = 018EA6BF2F0E14F70002571A /* PBXContainerItemProxy */;
		};
/* End PBXTargetDependency section */

/* Begin XCBuildConfiguration section */
		018EA6C62F0E14F70002571A /* Debug */ = {
			isa = XCBuildConfiguration;
			buildSettings = {
				ALWAYS_SEARCH_USER_PATHS = NO;
				ASSETCATALOG_COMPILER_GENERATE_SWIFT_ASSET_SYMBOL_EXTENSIONS = YES;
				CLANG_ANALYZER_NONNULL = YES;
				CLANG_ANALYZER_NUMBER_OBJECT_CONVERSION = YES_AGGRESSIVE;
				CLANG_CXX_LANGUAGE_STANDARD = "gnu++20";
				CLANG_ENABLE_MODULES = YES;
				CLANG_ENABLE_OBJC_ARC = YES;
				CLANG_ENABLE_OBJC_WEAK = YES;
				CLANG_WARN_BLOCK_CAPTURE_AUTORELEASING = YES;
				CLANG_WARN_BOOL_CONVERSION = YES;
				CLANG_WARN_COMMA = YES;
				CLANG_WARN_CONSTANT_CONVERSION = YES;
				CLANG_WARN_DEPRECATED_OBJC_IMPLEMENTATIONS = YES;
				CLANG_WARN_DIRECT_OBJC_ISA_USAGE = YES_ERROR;
				CLANG_WARN_DOCUMENTATION_COMMENTS = YES;
				CLANG_WARN_EMPTY_BODY = YES;
				CLANG_WARN_ENUM_CONVERSION = YES;
				CLANG_WARN_INFINITE_RECURSION = YES;
				CLANG_WARN_INT_CONVERSION = YES;
				CLANG_WARN_NON_LITERAL_NULL_CONVERSION = YES;
				CLANG_WARN_OBJC_IMPLICIT_RETAIN_SELF = YES;
				CLANG_WARN_OBJC_LITERAL_CONVERSION = YES;
				CLANG_WARN_OBJC_ROOT_CLASS = YES_ERROR;
				CLANG_WARN_QUOTED_INCLUDE_IN_FRAMEWORK_HEADER = YES;
				CLANG_WARN_RANGE_LOOP_ANALYSIS = YES;
				CLANG_WARN_STRICT_PROTOTYPES = YES;
				CLANG_WARN_SUSPICIOUS_MOVE = YES;
				CLANG_WARN_UNGUARDED_AVAILABILITY = YES_AGGRESSIVE;
				CLANG_WARN_UNREACHABLE_CODE = YES;
				CLANG_WARN__DUPLICATE_METHOD_MATCH = YES;
				COPY_PHASE_STRIP = NO;
				DEBUG_INFORMATION_FORMAT = dwarf;
				DEVELOPMENT_TEAM = YC9564MTQY;
				ENABLE_STRICT_OBJC_MSGSEND = YES;
				ENABLE_TESTABILITY = YES;
				ENABLE_USER_SCRIPT_SANDBOXING = YES;
				GCC_C_LANGUAGE_STANDARD = gnu17;
				GCC_DYNAMIC_NO_PIC = NO;
				GCC_NO_COMMON_BLOCKS = YES;
				GCC_OPTIMIZATION_LEVEL = 0;
				GCC_PREPROCESSOR_DEFINITIONS = (
					"DEBUG=1",
					"$(inherited)",
				);
				GCC_WARN_64_TO_32_BIT_CONVERSION = YES;
				GCC_WARN_ABOUT_RETURN_TYPE = YES_ERROR;
				GCC_WARN_UNDECLARED_SELECTOR = YES;
				GCC_WARN_UNINITIALIZED_AUTOS = YES_AGGRESSIVE;
				GCC_WARN_UNUSED_FUNCTION = YES;
				GCC_WARN_UNUSED_VARIABLE = YES;
				IPHONEOS_DEPLOYMENT_TARGET = 26.1;
				LOCALIZATION_PREFERS_STRING_CATALOGS = YES;
				MTL_ENABLE_DEBUG_INFO = INCLUDE_SOURCE;
				MTL_FAST_MATH = YES;
				ONLY_ACTIVE_ARCH = YES;
				SDKROOT = iphoneos;
				SWIFT_ACTIVE_COMPILATION_CONDITIONS = "DEBUG $(inherited)";
				SWIFT_OPTIMIZATION_LEVEL = "-Onone";
			};
			name = Debug;
		};
		018EA6C72F0E14F70002571A /* Release */ = {
			isa = XCBuildConfiguration;
			buildSettings = {
				ALWAYS_SEARCH_USER_PATHS = NO;
				ASSETCATALOG_COMPILER_GENERATE_SWIFT_ASSET_SYMBOL_EXTENSIONS = YES;
				CLANG_ANALYZER_NONNULL = YES;
				CLANG_ANALYZER_NUMBER_OBJECT_CONVERSION = YES_AGGRESSIVE;
				CLANG_CXX_LANGUAGE_STANDARD = "gnu++20";
				CLANG_ENABLE_MODULES = YES;
				CLANG_ENABLE_OBJC_ARC = YES;
				CLANG_ENABLE_OBJC_WEAK = YES;
				CLANG_WARN_BLOCK_CAPTURE_AUTORELEASING = YES;
				CLANG_WARN_BOOL_CONVERSION = YES;
				CLANG_WARN_COMMA = YES;
				CLANG_WARN_CONSTANT_CONVERSION = YES;
				CLANG_WARN_DEPRECATED_OBJC_IMPLEMENTATIONS = YES;
				CLANG_WARN_DIRECT_OBJC_ISA_USAGE = YES_ERROR;
				CLANG_WARN_DOCUMENTATION_COMMENTS = YES;
				CLANG_WARN_EMPTY_BODY = YES;
				CLANG_WARN_ENUM_CONVERSION = YES;
				CLANG_WARN_INFINITE_RECURSION = YES;
				CLANG_WARN_INT_CONVERSION = YES;
				CLANG_WARN_NON_LITERAL_NULL_CONVERSION = YES;
				CLANG_WARN_OBJC_IMPLICIT_RETAIN_SELF = YES;
				CLANG_WARN_OBJC_LITERAL_CONVERSION = YES;
				CLANG_WARN_OBJC_ROOT_CLASS = YES_ERROR;
				CLANG_WARN_QUOTED_INCLUDE_IN_FRAMEWORK_HEADER = YES;
				CLANG_WARN_RANGE_LOOP_ANALYSIS = YES;
				CLANG_WARN_STRICT_PROTOTYPES = YES;
				CLANG_WARN_SUSPICIOUS_MOVE = YES;
				CLANG_WARN_UNGUARDED_AVAILABILITY = YES_AGGRESSIVE;
				CLANG_WARN_UNREACHABLE_CODE = YES;
				CLANG_WARN__DUPLICATE_METHOD_MATCH = YES;
				COPY_PHASE_STRIP = NO;
				DEBUG_INFORMATION_FORMAT = "dwarf-with-dsym";
				DEVELOPMENT_TEAM = YC9564MTQY;
				ENABLE_NS_ASSERTIONS = NO;
				ENABLE_STRICT_OBJC_MSGSEND = YES;
				ENABLE_USER_SCRIPT_SANDBOXING = YES;
				GCC_C_LANGUAGE_STANDARD = gnu17;
				GCC_NO_COMMON_BLOCKS = YES;
				GCC_WARN_64_TO_32_BIT_CONVERSION = YES;
				GCC_WARN_ABOUT_RETURN_TYPE = YES_ERROR;
				GCC_WARN_UNDECLARED_SELECTOR = YES;
				GCC_WARN_UNINITIALIZED_AUTOS = YES_AGGRESSIVE;
				GCC_WARN_UNUSED_FUNCTION = YES;
				GCC_WARN_UNUSED_VARIABLE = YES;
				IPHONEOS_DEPLOYMENT_TARGET = 26.1;
				LOCALIZATION_PREFERS_STRING_CATALOGS = YES;
				MTL_ENABLE_DEBUG_INFO = NO;
				MTL_FAST_MATH = YES;
				SDKROOT = iphoneos;
				SWIFT_COMPILATION_MODE = wholemodule;
				VALIDATE_PRODUCT = YES;
			};
			name = Release;
		};
		018EA6C92F0E14F70002571A /* Debug */ = {
			isa = XCBuildConfiguration;
			buildSettings = {
				ASSETCATALOG_COMPILER_APPICON_NAME = AppIcon;
				ASSETCATALOG_COMPILER_GLOBAL_ACCENT_COLOR_NAME = AccentColor;
				CODE_SIGN_STYLE = Automatic;
				CURRENT_PROJECT_VERSION = 1;
				DEVELOPMENT_TEAM = YC9564MTQY;
				ENABLE_PREVIEWS = YES;
				GENERATE_INFOPLIST_FILE = YES;
				INFOPLIST_KEY_UIApplicationSceneManifest_Generation = YES;
				INFOPLIST_KEY_UIApplicationSupportsIndirectInputEvents = YES;
				INFOPLIST_KEY_UILaunchScreen_Generation = YES;
				INFOPLIST_KEY_UISupportedInterfaceOrientations_iPad = "UIInterfaceOrientationPortrait UIInterfaceOrientationPortraitUpsideDown UIInterfaceOrientationLandscapeLeft UIInterfaceOrientationLandscapeRight";
				INFOPLIST_KEY_UISupportedInterfaceOrientations_iPhone = "UIInterfaceOrientationPortrait UIInterfaceOrientationLandscapeLeft UIInterfaceOrientationLandscapeRight";
				LD_RUNPATH_SEARCH_PATHS = (
					"$(inherited)",
					"@executable_path/Frameworks",
				);
				MARKETING_VERSION = 1.0;
				PRODUCT_BUNDLE_IDENTIFIER = com.what3words.MapSwiftUI;
				PRODUCT_NAME = "$(TARGET_NAME)";
				STRING_CATALOG_GENERATE_SYMBOLS = YES;
				SWIFT_APPROACHABLE_CONCURRENCY = YES;
				SWIFT_DEFAULT_ACTOR_ISOLATION = MainActor;
				SWIFT_EMIT_LOC_STRINGS = YES;
				SWIFT_UPCOMING_FEATURE_MEMBER_IMPORT_VISIBILITY = YES;
				SWIFT_VERSION = 5.0;
				TARGETED_DEVICE_FAMILY = "1,2";
			};
			name = Debug;
		};
		018EA6CA2F0E14F70002571A /* Release */ = {
			isa = XCBuildConfiguration;
			buildSettings = {
				ASSETCATALOG_COMPILER_APPICON_NAME = AppIcon;
				ASSETCATALOG_COMPILER_GLOBAL_ACCENT_COLOR_NAME = AccentColor;
				CODE_SIGN_STYLE = Automatic;
				CURRENT_PROJECT_VERSION = 1;
				DEVELOPMENT_TEAM = YC9564MTQY;
				ENABLE_PREVIEWS = YES;
				GENERATE_INFOPLIST_FILE = YES;
				INFOPLIST_KEY_UIApplicationSceneManifest_Generation = YES;
				INFOPLIST_KEY_UIApplicationSupportsIndirectInputEvents = YES;
				INFOPLIST_KEY_UILaunchScreen_Generation = YES;
				INFOPLIST_KEY_UISupportedInterfaceOrientations_iPad = "UIInterfaceOrientationPortrait UIInterfaceOrientationPortraitUpsideDown UIInterfaceOrientationLandscapeLeft UIInterfaceOrientationLandscapeRight";
				INFOPLIST_KEY_UISupportedInterfaceOrientations_iPhone = "UIInterfaceOrientationPortrait UIInterfaceOrientationLandscapeLeft UIInterfaceOrientationLandscapeRight";
				LD_RUNPATH_SEARCH_PATHS = (
					"$(inherited)",
					"@executable_path/Frameworks",
				);
				MARKETING_VERSION = 1.0;
				PRODUCT_BUNDLE_IDENTIFIER = com.what3words.MapSwiftUI;
				PRODUCT_NAME = "$(TARGET_NAME)";
				STRING_CATALOG_GENERATE_SYMBOLS = YES;
				SWIFT_APPROACHABLE_CONCURRENCY = YES;
				SWIFT_DEFAULT_ACTOR_ISOLATION = MainActor;
				SWIFT_EMIT_LOC_STRINGS = YES;
				SWIFT_UPCOMING_FEATURE_MEMBER_IMPORT_VISIBILITY = YES;
				SWIFT_VERSION = 5.0;
				TARGETED_DEVICE_FAMILY = "1,2";
			};
			name = Release;
		};
		018EA6CC2F0E14F70002571A /* Debug */ = {
			isa = XCBuildConfiguration;
			buildSettings = {
				BUNDLE_LOADER = "$(TEST_HOST)";
				CODE_SIGN_STYLE = Automatic;
				CURRENT_PROJECT_VERSION = 1;
				DEVELOPMENT_TEAM = YC9564MTQY;
				GENERATE_INFOPLIST_FILE = YES;
				IPHONEOS_DEPLOYMENT_TARGET = 26.1;
				MARKETING_VERSION = 1.0;
				PRODUCT_BUNDLE_IDENTIFIER = com.what3words.MapSwiftUITests;
				PRODUCT_NAME = "$(TARGET_NAME)";
				STRING_CATALOG_GENERATE_SYMBOLS = NO;
				SWIFT_APPROACHABLE_CONCURRENCY = YES;
				SWIFT_EMIT_LOC_STRINGS = NO;
				SWIFT_UPCOMING_FEATURE_MEMBER_IMPORT_VISIBILITY = YES;
				SWIFT_VERSION = 5.0;
				TARGETED_DEVICE_FAMILY = "1,2";
				TEST_HOST = "$(BUILT_PRODUCTS_DIR)/MapSwiftUI.app/$(BUNDLE_EXECUTABLE_FOLDER_PATH)/MapSwiftUI";
			};
			name = Debug;
		};
		018EA6CD2F0E14F70002571A /* Release */ = {
			isa = XCBuildConfiguration;
			buildSettings = {
				BUNDLE_LOADER = "$(TEST_HOST)";
				CODE_SIGN_STYLE = Automatic;
				CURRENT_PROJECT_VERSION = 1;
				DEVELOPMENT_TEAM = YC9564MTQY;
				GENERATE_INFOPLIST_FILE = YES;
				IPHONEOS_DEPLOYMENT_TARGET = 26.1;
				MARKETING_VERSION = 1.0;
				PRODUCT_BUNDLE_IDENTIFIER = com.what3words.MapSwiftUITests;
				PRODUCT_NAME = "$(TARGET_NAME)";
				STRING_CATALOG_GENERATE_SYMBOLS = NO;
				SWIFT_APPROACHABLE_CONCURRENCY = YES;
				SWIFT_EMIT_LOC_STRINGS = NO;
				SWIFT_UPCOMING_FEATURE_MEMBER_IMPORT_VISIBILITY = YES;
				SWIFT_VERSION = 5.0;
				TARGETED_DEVICE_FAMILY = "1,2";
				TEST_HOST = "$(BUILT_PRODUCTS_DIR)/MapSwiftUI.app/$(BUNDLE_EXECUTABLE_FOLDER_PATH)/MapSwiftUI";
			};
			name = Release;
		};
		018EA6CF2F0E14F70002571A /* Debug */ = {
			isa = XCBuildConfiguration;
			buildSettings = {
				CODE_SIGN_STYLE = Automatic;
				CURRENT_PROJECT_VERSION = 1;
				DEVELOPMENT_TEAM = YC9564MTQY;
				GENERATE_INFOPLIST_FILE = YES;
				MARKETING_VERSION = 1.0;
				PRODUCT_BUNDLE_IDENTIFIER = com.what3words.MapSwiftUIUITests;
				PRODUCT_NAME = "$(TARGET_NAME)";
				STRING_CATALOG_GENERATE_SYMBOLS = NO;
				SWIFT_APPROACHABLE_CONCURRENCY = YES;
				SWIFT_EMIT_LOC_STRINGS = NO;
				SWIFT_UPCOMING_FEATURE_MEMBER_IMPORT_VISIBILITY = YES;
				SWIFT_VERSION = 5.0;
				TARGETED_DEVICE_FAMILY = "1,2";
				TEST_TARGET_NAME = MapSwiftUI;
			};
			name = Debug;
		};
		018EA6D02F0E14F70002571A /* Release */ = {
			isa = XCBuildConfiguration;
			buildSettings = {
				CODE_SIGN_STYLE = Automatic;
				CURRENT_PROJECT_VERSION = 1;
				DEVELOPMENT_TEAM = YC9564MTQY;
				GENERATE_INFOPLIST_FILE = YES;
				MARKETING_VERSION = 1.0;
				PRODUCT_BUNDLE_IDENTIFIER = com.what3words.MapSwiftUIUITests;
				PRODUCT_NAME = "$(TARGET_NAME)";
				STRING_CATALOG_GENERATE_SYMBOLS = NO;
				SWIFT_APPROACHABLE_CONCURRENCY = YES;
				SWIFT_EMIT_LOC_STRINGS = NO;
				SWIFT_UPCOMING_FEATURE_MEMBER_IMPORT_VISIBILITY = YES;
				SWIFT_VERSION = 5.0;
				TARGETED_DEVICE_FAMILY = "1,2";
				TEST_TARGET_NAME = MapSwiftUI;
			};
			name = Release;
		};
/* End XCBuildConfiguration section */

/* Begin XCConfigurationList section */
		018EA6A22F0E14F50002571A /* Build configuration list for PBXProject "MapSwiftUI" */ = {
			isa = XCConfigurationList;
			buildConfigurations = (
				018EA6C62F0E14F70002571A /* Debug */,
				018EA6C72F0E14F70002571A /* Release */,
			);
			defaultConfigurationIsVisible = 0;
			defaultConfigurationName = Release;
		};
		018EA6C82F0E14F70002571A /* Build configuration list for PBXNativeTarget "MapSwiftUI" */ = {
			isa = XCConfigurationList;
			buildConfigurations = (
				018EA6C92F0E14F70002571A /* Debug */,
				018EA6CA2F0E14F70002571A /* Release */,
			);
			defaultConfigurationIsVisible = 0;
			defaultConfigurationName = Release;
		};
		018EA6CB2F0E14F70002571A /* Build configuration list for PBXNativeTarget "MapSwiftUITests" */ = {
			isa = XCConfigurationList;
			buildConfigurations = (
				018EA6CC2F0E14F70002571A /* Debug */,
				018EA6CD2F0E14F70002571A /* Release */,
			);
			defaultConfigurationIsVisible = 0;
			defaultConfigurationName = Release;
		};
		018EA6CE2F0E14F70002571A /* Build configuration list for PBXNativeTarget "MapSwiftUIUITests" */ = {
			isa = XCConfigurationList;
			buildConfigurations = (
				018EA6CF2F0E14F70002571A /* Debug */,
				018EA6D02F0E14F70002571A /* Release */,
			);
			defaultConfigurationIsVisible = 0;
			defaultConfigurationName = Release;
		};
/* End XCConfigurationList section */

/* Begin XCRemoteSwiftPackageReference section */
		018EA6D12F0E16960002571A /* XCRemoteSwiftPackageReference "w3w-swift-wrapper" */ = {
			isa = XCRemoteSwiftPackageReference;
			repositoryURL = "git@github.com:what3words/w3w-swift-wrapper.git";
			requirement = {
				kind = upToNextMajorVersion;
				minimumVersion = 4.0.0;
			};
		};
/* End XCRemoteSwiftPackageReference section */

/* Begin XCSwiftPackageProductDependency section */
		018EA6D22F0E16960002571A /* W3WSwiftApi */ = {
			isa = XCSwiftPackageProductDependency;
			package = 018EA6D12F0E16960002571A /* XCRemoteSwiftPackageReference "w3w-swift-wrapper" */;
			productName = W3WSwiftApi;
		};
/* End XCSwiftPackageProductDependency section */
	};
	rootObject = 018EA69F2F0E14F50002571A /* Project object */;
}
