// !$*UTF8*$!
{
	archiveVersion = 1;
	classes = {
	};
	objectVersion = 56;
	objects = {

/* Begin PBXBuildFile section */
		01DCD67E2C1B07A0009C4105 /* AppDelegate.swift in Sources */ = {isa = PBXBuildFile; fileRef = 01DCD67D2C1B07A0009C4105 /* AppDelegate.swift */; };
		01DCD6802C1B07A0009C4105 /* SceneDelegate.swift in Sources */ = {isa = PBXBuildFile; fileRef = 01DCD67F2C1B07A0009C4105 /* SceneDelegate.swift */; };
		01DCD6822C1B07A0009C4105 /* ViewController.swift in Sources */ = {isa = PBXBuildFile; fileRef = 01DCD6812C1B07A0009C4105 /* ViewController.swift */; };
		01DCD6852C1B07A0009C4105 /* Main.storyboard in Resources */ = {isa = PBXBuildFile; fileRef = 01DCD6832C1B07A0009C4105 /* Main.storyboard */; };
		01DCD6872C1B07A0009C4105 /* Assets.xcassets in Resources */ = {isa = PBXBuildFile; fileRef = 01DCD6862C1B07A0009C4105 /* Assets.xcassets */; };
		01DCD68A2C1B07A0009C4105 /* LaunchScreen.storyboard in Resources */ = {isa = PBXBuildFile; fileRef = 01DCD6882C1B07A0009C4105 /* LaunchScreen.storyboard */; };
		01DCD6942C1B080A009C4105 /* W3WSwiftApi in Frameworks */ = {isa = PBXBuildFile; productRef = 01DCD6932C1B080A009C4105 /* W3WSwiftApi */; };
		01DCD6962C1B080A009C4105 /* W3WSwiftVoiceApi in Frameworks */ = {isa = PBXBuildFile; productRef = 01DCD6952C1B080A009C4105 /* W3WSwiftVoiceApi */; };
/* End PBXBuildFile section */

/* Begin PBXFileReference section */
		01DCD67A2C1B07A0009C4105 /* ThreeWordAddressRegex.app */ = {isa = PBXFileReference; explicitFileType = wrapper.application; includeInIndex = 0; path = ThreeWordAddressRegex.app; sourceTree = BUILT_PRODUCTS_DIR; };
		01DCD67D2C1B07A0009C4105 /* AppDelegate.swift */ = {isa = PBXFileReference; lastKnownFileType = sourcecode.swift; path = AppDelegate.swift; sourceTree = "<group>"; };
		01DCD67F2C1B07A0009C4105 /* SceneDelegate.swift */ = {isa = PBXFileReference; lastKnownFileType = sourcecode.swift; path = SceneDelegate.swift; sourceTree = "<group>"; };
		01DCD6812C1B07A0009C4105 /* ViewController.swift */ = {isa = PBXFileReference; lastKnownFileType = sourcecode.swift; path = ViewController.swift; sourceTree = "<group>"; };
		01DCD6842C1B07A0009C4105 /* Base */ = {isa = PBXFileReference; lastKnownFileType = file.storyboard; name = Base; path = Base.lproj/Main.storyboard; sourceTree = "<group>"; };
		01DCD6862C1B07A0009C4105 /* Assets.xcassets */ = {isa = PBXFileReference; lastKnownFileType = folder.assetcatalog; path = Assets.xcassets; sourceTree = "<group>"; };
		01DCD6892C1B07A0009C4105 /* Base */ = {isa = PBXFileReference; lastKnownFileType = file.storyboard; name = Base; path = Base.lproj/LaunchScreen.storyboard; sourceTree = "<group>"; };
		01DCD68B2C1B07A0009C4105 /* Info.plist */ = {isa = PBXFileReference; lastKnownFileType = text.plist.xml; path = Info.plist; sourceTree = "<group>"; };
/* End PBXFileReference section */

/* Begin PBXFrameworksBuildPhase section */
		01DCD6772C1B07A0009C4105 /* Frameworks */ = {
			isa = PBXFrameworksBuildPhase;
			buildActionMask = 2147483647;
			files = (
				01DCD6962C1B080A009C4105 /* W3WSwiftVoiceApi in Frameworks */,
				01DCD6942C1B080A009C4105 /* W3WSwiftApi in Frameworks */,
			);
			runOnlyForDeploymentPostprocessing = 0;
		};
/* End PBXFrameworksBuildPhase section */

/* Begin PBXGroup section */
		01DCD6712C1B07A0009C4105 = {
			isa = PBXGroup;
			children = (
				01DCD67C2C1B07A0009C4105 /* ThreeWordAddressRegex */,
				01DCD67B2C1B07A0009C4105 /* Products */,
			);
			sourceTree = "<group>";
		};
		01DCD67B2C1B07A0009C4105 /* Products */ = {
			isa = PBXGroup;
			children = (
				01DCD67A2C1B07A0009C4105 /* ThreeWordAddressRegex.app */,
			);
			name = Products;
			sourceTree = "<group>";
		};
		01DCD67C2C1B07A0009C4105 /* ThreeWordAddressRegex */ = {
			isa = PBXGroup;
			children = (
				01DCD6912C1B07A6009C4105 /* App Stuff */,
				01DCD6812C1B07A0009C4105 /* ViewController.swift */,
				01DCD68B2C1B07A0009C4105 /* Info.plist */,
			);
			path = ThreeWordAddressRegex;
			sourceTree = "<group>";
		};
		01DCD6912C1B07A6009C4105 /* App Stuff */ = {
			isa = PBXGroup;
			children = (
				01DCD67D2C1B07A0009C4105 /* AppDelegate.swift */,
				01DCD67F2C1B07A0009C4105 /* SceneDelegate.swift */,
				01DCD6832C1B07A0009C4105 /* Main.storyboard */,
				01DCD6862C1B07A0009C4105 /* Assets.xcassets */,
				01DCD6882C1B07A0009C4105 /* LaunchScreen.storyboard */,
			);
			path = "App Stuff";
			sourceTree = "<group>";
		};
/* End PBXGroup section */

/* Begin PBXNativeTarget section */
		01DCD6792C1B07A0009C4105 /* ThreeWordAddressRegex */ = {
			isa = PBXNativeTarget;
			buildConfigurationList = 01DCD68E2C1B07A0009C4105 /* Build configuration list for PBXNativeTarget "ThreeWordAddressRegex" */;
			buildPhases = (
				01DCD6762C1B07A0009C4105 /* Sources */,
				01DCD6772C1B07A0009C4105 /* Frameworks */,
				01DCD6782C1B07A0009C4105 /* Resources */,
			);
			buildRules = (
			);
			dependencies = (
			);
			name = ThreeWordAddressRegex;
			packageProductDependencies = (
				01DCD6932C1B080A009C4105 /* W3WSwiftApi */,
				01DCD6952C1B080A009C4105 /* W3WSwiftVoiceApi */,
			);
			productName = ThreeWordAddressRegex;
			productReference = 01DCD67A2C1B07A0009C4105 /* ThreeWordAddressRegex.app */;
			productType = "com.apple.product-type.application";
		};
/* End PBXNativeTarget section */

/* Begin PBXProject section */
		01DCD6722C1B07A0009C4105 /* Project object */ = {
			isa = PBXProject;
			attributes = {
				BuildIndependentTargetsInParallel = 1;
				LastSwiftUpdateCheck = 1500;
				LastUpgradeCheck = 1500;
				TargetAttributes = {
					01DCD6792C1B07A0009C4105 = {
						CreatedOnToolsVersion = 15.0.1;
					};
				};
			};
			buildConfigurationList = 01DCD6752C1B07A0009C4105 /* Build configuration list for PBXProject "ThreeWordAddressRegex" */;
			compatibilityVersion = "Xcode 14.0";
			developmentRegion = en;
			hasScannedForEncodings = 0;
			knownRegions = (
				en,
				Base,
			);
			mainGroup = 01DCD6712C1B07A0009C4105;
			packageReferences = (
				01DCD6922C1B080A009C4105 /* XCRemoteSwiftPackageReference "w3w-swift-wrapper" */,
			);
			productRefGroup = 01DCD67B2C1B07A0009C4105 /* Products */;
			projectDirPath = "";
			projectRoot = "";
			targets = (
				01DCD6792C1B07A0009C4105 /* ThreeWordAddressRegex */,
			);
		};
/* End PBXProject section */

/* Begin PBXResourcesBuildPhase section */
		01DCD6782C1B07A0009C4105 /* Resources */ = {
			isa = PBXResourcesBuildPhase;
			buildActionMask = 2147483647;
			files = (
				01DCD68A2C1B07A0009C4105 /* LaunchScreen.storyboard in Resources */,
				01DCD6872C1B07A0009C4105 /* Assets.xcassets in Resources */,
				01DCD6852C1B07A0009C4105 /* Main.storyboard in Resources */,
			);
			runOnlyForDeploymentPostprocessing = 0;
		};
/* End PBXResourcesBuildPhase section */

/* Begin PBXSourcesBuildPhase section */
		01DCD6762C1B07A0009C4105 /* Sources */ = {
			isa = PBXSourcesBuildPhase;
			buildActionMask = 2147483647;
			files = (
				01DCD6822C1B07A0009C4105 /* ViewController.swift in Sources */,
				01DCD67E2C1B07A0009C4105 /* AppDelegate.swift in Sources */,
				01DCD6802C1B07A0009C4105 /* SceneDelegate.swift in Sources */,
			);
			runOnlyForDeploymentPostprocessing = 0;
		};
/* End PBXSourcesBuildPhase section */

/* Begin PBXVariantGroup section */
		01DCD6832C1B07A0009C4105 /* Main.storyboard */ = {
			isa = PBXVariantGroup;
			children = (
				01DCD6842C1B07A0009C4105 /* Base */,
			);
			name = Main.storyboard;
			sourceTree = "<group>";
		};
		01DCD6882C1B07A0009C4105 /* LaunchScreen.storyboard */ = {
			isa = PBXVariantGroup;
			children = (
				01DCD6892C1B07A0009C4105 /* Base */,
			);
			name = LaunchScreen.storyboard;
			sourceTree = "<group>";
		};
/* End PBXVariantGroup section */

/* Begin XCBuildConfiguration section */
		01DCD68C2C1B07A0009C4105 /* Debug */ = {
			isa = XCBuildConfiguration;
			buildSettings = {
				ALWAYS_SEARCH_USER_PATHS = NO;
				ASSETCATALOG_COMPILER_GENERATE_SWIFT_ASSET_SYMBOL_EXTENSIONS = YES;
				CLANG_ANALYZER_NONNULL = YES;
				CLANG_ANALYZER_NUMBER_OBJECT_CONVERSION = YES_AGGRESSIVE;
				CLANG_CXX_LANGUAGE_STANDARD = "gnu++20";
				CLANG_ENABLE_MODULES = YES;
				CLANG_ENABLE_OBJC_ARC = YES;
				CLANG_ENABLE_OBJC_WEAK = YES;
				CLANG_WARN_BLOCK_CAPTURE_AUTORELEASING = YES;
				CLANG_WARN_BOOL_CONVERSION = YES;
				CLANG_WARN_COMMA = YES;
				CLANG_WARN_CONSTANT_CONVERSION = YES;
				CLANG_WARN_DEPRECATED_OBJC_IMPLEMENTATIONS = YES;
				CLANG_WARN_DIRECT_OBJC_ISA_USAGE = YES_ERROR;
				CLANG_WARN_DOCUMENTATION_COMMENTS = YES;
				CLANG_WARN_EMPTY_BODY = YES;
				CLANG_WARN_ENUM_CONVERSION = YES;
				CLANG_WARN_INFINITE_RECURSION = YES;
				CLANG_WARN_INT_CONVERSION = YES;
				CLANG_WARN_NON_LITERAL_NULL_CONVERSION = YES;
				CLANG_WARN_OBJC_IMPLICIT_RETAIN_SELF = YES;
				CLANG_WARN_OBJC_LITERAL_CONVERSION = YES;
				CLANG_WARN_OBJC_ROOT_CLASS = YES_ERROR;
				CLANG_WARN_QUOTED_INCLUDE_IN_FRAMEWORK_HEADER = YES;
				CLANG_WARN_RANGE_LOOP_ANALYSIS = YES;
				CLANG_WARN_STRICT_PROTOTYPES = YES;
				CLANG_WARN_SUSPICIOUS_MOVE = YES;
				CLANG_WARN_UNGUARDED_AVAILABILITY = YES_AGGRESSIVE;
				CLANG_WARN_UNREACHABLE_CODE = YES;
				CLANG_WARN__DUPLICATE_METHOD_MATCH = YES;
				COPY_PHASE_STRIP = NO;
				DEBUG_INFORMATION_FORMAT = dwarf;
				ENABLE_STRICT_OBJC_MSGSEND = YES;
				ENABLE_TESTABILITY = YES;
				ENABLE_USER_SCRIPT_SANDBOXING = YES;
				GCC_C_LANGUAGE_STANDARD = gnu17;
				GCC_DYNAMIC_NO_PIC = NO;
				GCC_NO_COMMON_BLOCKS = YES;
				GCC_OPTIMIZATION_LEVEL = 0;
				GCC_PREPROCESSOR_DEFINITIONS = (
					"DEBUG=1",
					"$(inherited)",
				);
				GCC_WARN_64_TO_32_BIT_CONVERSION = YES;
				GCC_WARN_ABOUT_RETURN_TYPE = YES_ERROR;
				GCC_WARN_UNDECLARED_SELECTOR = YES;
				GCC_WARN_UNINITIALIZED_AUTOS = YES_AGGRESSIVE;
				GCC_WARN_UNUSED_FUNCTION = YES;
				GCC_WARN_UNUSED_VARIABLE = YES;
				IPHONEOS_DEPLOYMENT_TARGET = 17.0;
				LOCALIZATION_PREFERS_STRING_CATALOGS = YES;
				MTL_ENABLE_DEBUG_INFO = INCLUDE_SOURCE;
				MTL_FAST_MATH = YES;
				ONLY_ACTIVE_ARCH = YES;
				SDKROOT = iphoneos;
				SWIFT_ACTIVE_COMPILATION_CONDITIONS = "DEBUG $(inherited)";
				SWIFT_OPTIMIZATION_LEVEL = "-Onone";
			};
			name = Debug;
		};
		01DCD68D2C1B07A0009C4105 /* Release */ = {
			isa = XCBuildConfiguration;
			buildSettings = {
				ALWAYS_SEARCH_USER_PATHS = NO;
				ASSETCATALOG_COMPILER_GENERATE_SWIFT_ASSET_SYMBOL_EXTENSIONS = YES;
				CLANG_ANALYZER_NONNULL = YES;
				CLANG_ANALYZER_NUMBER_OBJECT_CONVERSION = YES_AGGRESSIVE;
				CLANG_CXX_LANGUAGE_STANDARD = "gnu++20";
				CLANG_ENABLE_MODULES = YES;
				CLANG_ENABLE_OBJC_ARC = YES;
				CLANG_ENABLE_OBJC_WEAK = YES;
				CLANG_WARN_BLOCK_CAPTURE_AUTORELEASING = YES;
				CLANG_WARN_BOOL_CONVERSION = YES;
				CLANG_WARN_COMMA = YES;
				CLANG_WARN_CONSTANT_CONVERSION = YES;
				CLANG_WARN_DEPRECATED_OBJC_IMPLEMENTATIONS = YES;
				CLANG_WARN_DIRECT_OBJC_ISA_USAGE = YES_ERROR;
				CLANG_WARN_DOCUMENTATION_COMMENTS = YES;
				CLANG_WARN_EMPTY_BODY = YES;
				CLANG_WARN_ENUM_CONVERSION = YES;
				CLANG_WARN_INFINITE_RECURSION = YES;
				CLANG_WARN_INT_CONVERSION = YES;
				CLANG_WARN_NON_LITERAL_NULL_CONVERSION = YES;
				CLANG_WARN_OBJC_IMPLICIT_RETAIN_SELF = YES;
				CLANG_WARN_OBJC_LITERAL_CONVERSION = YES;
				CLANG_WARN_OBJC_ROOT_CLASS = YES_ERROR;
				CLANG_WARN_QUOTED_INCLUDE_IN_FRAMEWORK_HEADER = YES;
				CLANG_WARN_RANGE_LOOP_ANALYSIS = YES;
				CLANG_WARN_STRICT_PROTOTYPES = YES;
				CLANG_WARN_SUSPICIOUS_MOVE = YES;
				CLANG_WARN_UNGUARDED_AVAILABILITY = YES_AGGRESSIVE;
				CLANG_WARN_UNREACHABLE_CODE = YES;
				CLANG_WARN__DUPLICATE_METHOD_MATCH = YES;
				COPY_PHASE_STRIP = NO;
				DEBUG_INFORMATION_FORMAT = "dwarf-with-dsym";
				ENABLE_NS_ASSERTIONS = NO;
				ENABLE_STRICT_OBJC_MSGSEND = YES;
				ENABLE_USER_SCRIPT_SANDBOXING = YES;
				GCC_C_LANGUAGE_STANDARD = gnu17;
				GCC_NO_COMMON_BLOCKS = YES;
				GCC_WARN_64_TO_32_BIT_CONVERSION = YES;
				GCC_WARN_ABOUT_RETURN_TYPE = YES_ERROR;
				GCC_WARN_UNDECLARED_SELECTOR = YES;
				GCC_WARN_UNINITIALIZED_AUTOS = YES_AGGRESSIVE;
				GCC_WARN_UNUSED_FUNCTION = YES;
				GCC_WARN_UNUSED_VARIABLE = YES;
				IPHONEOS_DEPLOYMENT_TARGET = 17.0;
				LOCALIZATION_PREFERS_STRING_CATALOGS = YES;
				MTL_ENABLE_DEBUG_INFO = NO;
				MTL_FAST_MATH = YES;
				SDKROOT = iphoneos;
				SWIFT_COMPILATION_MODE = wholemodule;
				VALIDATE_PRODUCT = YES;
			};
			name = Release;
		};
		01DCD68F2C1B07A0009C4105 /* Debug */ = {
			isa = XCBuildConfiguration;
			buildSettings = {
				ASSETCATALOG_COMPILER_APPICON_NAME = AppIcon;
				ASSETCATALOG_COMPILER_GLOBAL_ACCENT_COLOR_NAME = AccentColor;
				CODE_SIGN_STYLE = Manual;
				CURRENT_PROJECT_VERSION = 1;
				DEVELOPMENT_TEAM = "";
				GENERATE_INFOPLIST_FILE = YES;
				INFOPLIST_FILE = ThreeWordAddressRegex/Info.plist;
				INFOPLIST_KEY_UIApplicationSupportsIndirectInputEvents = YES;
				INFOPLIST_KEY_UILaunchStoryboardName = LaunchScreen;
				INFOPLIST_KEY_UIMainStoryboardFile = Main;
				INFOPLIST_KEY_UISupportedInterfaceOrientations_iPad = "UIInterfaceOrientationPortrait UIInterfaceOrientationPortraitUpsideDown UIInterfaceOrientationLandscapeLeft UIInterfaceOrientationLandscapeRight";
				INFOPLIST_KEY_UISupportedInterfaceOrientations_iPhone = "UIInterfaceOrientationPortrait UIInterfaceOrientationLandscapeLeft UIInterfaceOrientationLandscapeRight";
				LD_RUNPATH_SEARCH_PATHS = (
					"$(inherited)",
					"@executable_path/Frameworks",
				);
				MARKETING_VERSION = 1.0;
				PRODUCT_BUNDLE_IDENTIFIER = com.what3words.ThreeWordAddressRegex;
				PRODUCT_NAME = "$(TARGET_NAME)";
				PROVISIONING_PROFILE_SPECIFIER = "";
				SWIFT_EMIT_LOC_STRINGS = YES;
				SWIFT_VERSION = 5.0;
				TARGETED_DEVICE_FAMILY = "1,2";
			};
			name = Debug;
		};
		01DCD6902C1B07A0009C4105 /* Release */ = {
			isa = XCBuildConfiguration;
			buildSettings = {
				ASSETCATALOG_COMPILER_APPICON_NAME = AppIcon;
				ASSETCATALOG_COMPILER_GLOBAL_ACCENT_COLOR_NAME = AccentColor;
				CODE_SIGN_STYLE = Manual;
				CURRENT_PROJECT_VERSION = 1;
				DEVELOPMENT_TEAM = "";
				GENERATE_INFOPLIST_FILE = YES;
				INFOPLIST_FILE = ThreeWordAddressRegex/Info.plist;
				INFOPLIST_KEY_UIApplicationSupportsIndirectInputEvents = YES;
				INFOPLIST_KEY_UILaunchStoryboardName = LaunchScreen;
				INFOPLIST_KEY_UIMainStoryboardFile = Main;
				INFOPLIST_KEY_UISupportedInterfaceOrientations_iPad = "UIInterfaceOrientationPortrait UIInterfaceOrientationPortraitUpsideDown UIInterfaceOrientationLandscapeLeft UIInterfaceOrientationLandscapeRight";
				INFOPLIST_KEY_UISupportedInterfaceOrientations_iPhone = "UIInterfaceOrientationPortrait UIInterfaceOrientationLandscapeLeft UIInterfaceOrientationLandscapeRight";
				LD_RUNPATH_SEARCH_PATHS = (
					"$(inherited)",
					"@executable_path/Frameworks",
				);
				MARKETING_VERSION = 1.0;
				PRODUCT_BUNDLE_IDENTIFIER = com.what3words.ThreeWordAddressRegex;
				PRODUCT_NAME = "$(TARGET_NAME)";
				PROVISIONING_PROFILE_SPECIFIER = "";
				SWIFT_EMIT_LOC_STRINGS = YES;
				SWIFT_VERSION = 5.0;
				TARGETED_DEVICE_FAMILY = "1,2";
			};
			name = Release;
		};
/* End XCBuildConfiguration section */

/* Begin XCConfigurationList section */
		01DCD6752C1B07A0009C4105 /* Build configuration list for PBXProject "ThreeWordAddressRegex" */ = {
			isa = XCConfigurationList;
			buildConfigurations = (
				01DCD68C2C1B07A0009C4105 /* Debug */,
				01DCD68D2C1B07A0009C4105 /* Release */,
			);
			defaultConfigurationIsVisible = 0;
			defaultConfigurationName = Release;
		};
		01DCD68E2C1B07A0009C4105 /* Build configuration list for PBXNativeTarget "ThreeWordAddressRegex" */ = {
			isa = XCConfigurationList;
			buildConfigurations = (
				01DCD68F2C1B07A0009C4105 /* Debug */,
				01DCD6902C1B07A0009C4105 /* Release */,
			);
			defaultConfigurationIsVisible = 0;
			defaultConfigurationName = Release;
		};
/* End XCConfigurationList section */

/* Begin XCRemoteSwiftPackageReference section */
		01DCD6922C1B080A009C4105 /* XCRemoteSwiftPackageReference "w3w-swift-wrapper" */ = {
			isa = XCRemoteSwiftPackageReference;
			repositoryURL = "git@github.com:what3words/w3w-swift-wrapper.git";
			requirement = {
				kind = upToNextMajorVersion;
				minimumVersion = 4.0.0;
			};
		};
/* End XCRemoteSwiftPackageReference section */

/* Begin XCSwiftPackageProductDependency section */
		01DCD6932C1B080A009C4105 /* W3WSwiftApi */ = {
			isa = XCSwiftPackageProductDependency;
			package = 01DCD6922C1B080A009C4105 /* XCRemoteSwiftPackageReference "w3w-swift-wrapper" */;
			productName = W3WSwiftApi;
		};
		01DCD6952C1B080A009C4105 /* W3WSwiftVoiceApi */ = {
			isa = XCSwiftPackageProductDependency;
			package = 01DCD6922C1B080A009C4105 /* XCRemoteSwiftPackageReference "w3w-swift-wrapper" */;
			productName = W3WSwiftVoiceApi;
		};
/* End XCSwiftPackageProductDependency section */
	};
	rootObject = 01DCD6722C1B07A0009C4105 /* Project object */;
}
