{
  "pins" : [
    {
      "identity" : "w3w-swift-components-ocr",
      "kind" : "remoteSourceControl",
      "location" : "https://github.com/what3words/w3w-swift-components-ocr.git",
      "state" : {
        "revision" : "fc9624817b43e3cdcfb56d729cf55df2547e1efc",
        "version" : "1.1.6"
      }
    },
    {
      "identity" : "w3w-swift-core",
      "kind" : "remoteSourceControl",
      "location" : "git@github.com:what3words/w3w-swift-core.git",
      "state" : {
        "branch" : "main",
        "revision" : "fe7a660fcde14827ca930787a20e9483b7d2238c"
      }
    },
    {
      "identity" : "w3w-swift-wrapper",
      "kind" : "remoteSourceControl",
      "location" : "https://github.com/what3words/w3w-swift-wrapper.git",
      "state" : {
        "branch" : "v4/main",
        "revision" : "dc85aaabe8b370f02247f77fc440669cc48521f8"
      }
    }
  ],
  "version" : 2
}
