{
  "pins" : [
    {
      "identity" : "w3w-swift-wrapper",
      "kind" : "remoteSourceControl",
      "location" : "https://github.com/what3words/w3w-swift-wrapper.git",
      "state" : {
        "revision" : "0657a3a062bc4e09f6bdb705fefbf54c524bcd76",
        "version" : "3.9.5"
      }
    }
  ],
  "version" : 2
}
