{
  "pins" : [
    {
      "identity" : "w3w-swift-components",
      "kind" : "remoteSourceControl",
      "location" : "https://github.com/what3words/w3w-swift-components.git",
      "state" : {
        "revision" : "71770cd6be1aca4323e9c371136ae11191ba0d27",
        "version" : "2.3.3"
      }
    },
    {
      "identity" : "w3w-swift-wrapper",
      "kind" : "remoteSourceControl",
      "location" : "https://github.com/what3words/w3w-swift-wrapper.git",
      "state" : {
        "revision" : "0657a3a062bc4e09f6bdb705fefbf54c524bcd76",
        "version" : "3.9.5"
      }
    }
  ],
  "version" : 2
}
